
Microsoft Visual Studio Solution File, Format Version 12.00
# Visual Studio Version 16
VisualStudioVersion = 16.0.33214.272
MinimumVisualStudioVersion = 10.0.40219.1
Project("{FAE04EC0-301F-11D3-BF4B-00C04F79EFBC}") = "Likanica9", "Likanica9\Likanica9.csproj", "{B9FDBDBE-B258-490C-820B-6BDC59FA2907}"
EndProject
Global
	GlobalSection(SolutionConfigurationPlatforms) = preSolution
		Debug|Any CPU = Debug|Any CPU
		Release|Any CPU = Release|Any CPU
	EndGlobalSection
	GlobalSection(ProjectConfigurationPlatforms) = postSolution
		{B9FDBDBE-B258-490C-820B-6BDC59FA2907}.Debug|Any CPU.ActiveCfg = Debug|Any CPU
		{B9FDBDBE-B258-490C-820B-6BDC59FA2907}.Debug|Any CPU.Build.0 = Debug|Any CPU
		{B9FDBDBE-B258-490C-820B-6BDC59FA2907}.Release|Any CPU.ActiveCfg = Release|Any CPU
		{B9FDBDBE-B258-490C-820B-6BDC59FA2907}.Release|Any CPU.Build.0 = Release|Any CPU
	EndGlobalSection
	GlobalSection(SolutionProperties) = preSolution
		HideSolutionNode = FALSE
	EndGlobalSection
	GlobalSection(ExtensibilityGlobals) = postSolution
		SolutionGuid = {5E2D277D-C032-4C6E-B2AE-38B18944C493}
	EndGlobalSection
EndGlobal
